github.com/mattn/go-sqlite3 v1.4.0 h1:uBR791wsGR0MwOn2qBSbln4BRuv1/sN7jP0wQ8D6RVs=
github.com/mattn/go-sqlite3 v1.4.0/go.mod h1:FPy6KqzDD04eiIsT53CuJW3U88zkxoIYsOqkbpncsNc=
golang.org/x/net v0.0.0-20171207222016-dc871a5d77e2 h1:jUdVRcQykxVZ+RwsigMPUpjppyHq66P+S6gQ2+dJjE8=
golang.org/x/net v0.0.0-20171207222016-dc871a5d77e2/go.mod h1:mL1N/T3taQHkDXs73rZJwtUhF3w3ftmwwsq0BUmARs4=
